
Microsoft Visual Studio Solution File, Format Version 12.00
# Visual Studio Version 16
VisualStudioVersion = 16.0.30611.23
MinimumVisualStudioVersion = 10.0.40219.1
Project("{FAE04EC0-301F-11D3-BF4B-00C04F79EFBC}") = "cgi-tollgate-assignment-book-api", "cgi-tollgate-assignment-book-api\cgi-tollgate-assignment-book-api.csproj", "{244EBC7A-2954-4B56-8E49-FBD6E3BF8762}"
EndProject
Project("{FAE04EC0-301F-11D3-BF4B-00C04F79EFBC}") = "test", "test\test.csproj", "{D4394B62-86C3-410C-9DEB-1E288D24C955}"
EndProject
Global
	GlobalSection(SolutionConfigurationPlatforms) = preSolution
		Debug|Any CPU = Debug|Any CPU
		Release|Any CPU = Release|Any CPU
	EndGlobalSection
	GlobalSection(ProjectConfigurationPlatforms) = postSolution
		{244EBC7A-2954-4B56-8E49-FBD6E3BF8762}.Debug|Any CPU.ActiveCfg = Debug|Any CPU
		{244EBC7A-2954-4B56-8E49-FBD6E3BF8762}.Debug|Any CPU.Build.0 = Debug|Any CPU
		{244EBC7A-2954-4B56-8E49-FBD6E3BF8762}.Release|Any CPU.ActiveCfg = Release|Any CPU
		{244EBC7A-2954-4B56-8E49-FBD6E3BF8762}.Release|Any CPU.Build.0 = Release|Any CPU
		{D4394B62-86C3-410C-9DEB-1E288D24C955}.Debug|Any CPU.ActiveCfg = Debug|Any CPU
		{D4394B62-86C3-410C-9DEB-1E288D24C955}.Debug|Any CPU.Build.0 = Debug|Any CPU
		{D4394B62-86C3-410C-9DEB-1E288D24C955}.Release|Any CPU.ActiveCfg = Release|Any CPU
		{D4394B62-86C3-410C-9DEB-1E288D24C955}.Release|Any CPU.Build.0 = Release|Any CPU
	EndGlobalSection
	GlobalSection(SolutionProperties) = preSolution
		HideSolutionNode = FALSE
	EndGlobalSection
	GlobalSection(ExtensibilityGlobals) = postSolution
		SolutionGuid = {70171F0C-4F11-4FEF-B273-E23C4632AF27}
	EndGlobalSection
EndGlobal
